{
  "name": "@neo-project/neo-devpack-ts",
  "lockfileVersion": 2,
  "requires": true,
  "packages": {
    "": {
      "name": "@neo-project/neo-devpack-ts",
      "license": "MIT",
      "workspaces": [
        "packages\\compiler",
        "packages\\framework"
      ]
    },
    "node_modules/@neo-project/neo-compiler-ts": {
      "resolved": "packages/compiler",
      "link": true
    },
    "node_modules/@neo-project/neo-contract-framework": {
      "resolved": "packages/framework",
      "link": true
    },
    "packages/compiler": {
      "name": "@neo-project/neo-compiler-ts",
      "version": "1.0.0",
      "license": "MIT"
    },
    "packages/framework": {
      "name": "@neo-project/neo-contract-framework",
      "version": "1.0.0",
      "license": "MIT"
    }
  },
  "dependencies": {
    "@neo-project/neo-compiler-ts": {
      "version": "file:packages/compiler"
    },
    "@neo-project/neo-contract-framework": {
      "version": "file:packages/framework"
    }
  }
}
